
Microsoft Visual Studio Solution File, Format Version 12.00
# Visual Studio Version 17
VisualStudioVersion = 17.14.36930.0 d17.14
MinimumVisualStudioVersion = 10.0.40219.1
Project("{FAE04EC0-301F-11D3-BF4B-00C04F79EFBC}") = "dolphy-backend", "dolphy-backend.csproj", "{D8256BB6-BEBA-4B6E-B17D-C3D1784CA86A}"
EndProject
Global
	GlobalSection(SolutionConfigurationPlatforms) = preSolution
		Debug|Any CPU = Debug|Any CPU
		Release|Any CPU = Release|Any CPU
	EndGlobalSection
	GlobalSection(ProjectConfigurationPlatforms) = postSolution
		{D8256BB6-BEBA-4B6E-B17D-C3D1784CA86A}.Debug|Any CPU.ActiveCfg = Debug|Any CPU
		{D8256BB6-BEBA-4B6E-B17D-C3D1784CA86A}.Debug|Any CPU.Build.0 = Debug|Any CPU
		{D8256BB6-BEBA-4B6E-B17D-C3D1784CA86A}.Release|Any CPU.ActiveCfg = Release|Any CPU
		{D8256BB6-BEBA-4B6E-B17D-C3D1784CA86A}.Release|Any CPU.Build.0 = Release|Any CPU
	EndGlobalSection
	GlobalSection(SolutionProperties) = preSolution
		HideSolutionNode = FALSE
	EndGlobalSection
	GlobalSection(ExtensibilityGlobals) = postSolution
		SolutionGuid = {95587E2E-1FBA-4CA7-B938-898F32DF3E40}
	EndGlobalSection
EndGlobal
